github.com/kruspe/aoc-utils v0.0.0-20231202013927-f947a8aeb0d2 h1:LjwuQ1M1i+hRzo3RYaDW5VdMU++EwTuMYf7fwdpYTVc=
github.com/kruspe/aoc-utils v0.0.0-20231202013927-f947a8aeb0d2/go.mod h1:t/WE5VjPUoNieIWYLM7emErsdeKUiaP7R4B9wprNGo0=
github.com/kruspe/aoc-utils v0.0.0-20231205085538-bfdfde8afc9f h1:sJRIgvOJguxUbp+QCN8QWtAUmrea+jxezaj8ZNmQtaU=
github.com/kruspe/aoc-utils v0.0.0-20231205085538-bfdfde8afc9f/go.mod h1:t/WE5VjPUoNieIWYLM7emErsdeKUiaP7R4B9wprNGo0=
