github.com/davecgh/go-spew v1.1.1 h1:vj9j/u1bqnvCEfJOwUhtlOARqs3+rkHYY13jYWTU97c=
github.com/davecgh/go-spew v1.1.1/go.mod h1:J7Y8YcW2NihsgmVo/mv3lAwl/skON4iLHjSsI+c5H38=
github.com/kruspe/aoc-utils v0.0.0-20231205173805-803305b7015e h1:ORcUQ9qNhjm18zv4QKyk4A7faLJZqeHZuABDV7+gfjU=
github.com/kruspe/aoc-utils v0.0.0-20231205173805-803305b7015e/go.mod h1:t/WE5VjPUoNieIWYLM7emErsdeKUiaP7R4B9wprNGo0=
github.com/kruspe/aoc-utils v0.0.0-20231211122637-8fca953fd3fd h1:dR9+jTuX0wUe9Qe+ooZuFPS+eX0n7Z+nyzCiFS2ZSZA=
github.com/kruspe/aoc-utils v0.0.0-20231211122637-8fca953fd3fd/go.mod h1:t/WE5VjPUoNieIWYLM7emErsdeKUiaP7R4B9wprNGo0=
github.com/kruspe/aoc-utils v1.0.1 h1:qWMPQNRzfqk40oOpzn+vKzE3WoGZuoVIns6u7G6WRHQ=
github.com/kruspe/aoc-utils v1.0.1/go.mod h1:MmE5p2A1MMGiGQYuEZFINaSXI990jE1xXrn0+FFJBmw=
github.com/kruspe/aoc-utils v1.1.0 h1:GHRPr1CMsE1qmzO2kDKuz01yGb3FGhaGq6lPBv+vBMY=
github.com/kruspe/aoc-utils v1.1.0/go.mod h1:MmE5p2A1MMGiGQYuEZFINaSXI990jE1xXrn0+FFJBmw=
github.com/kruspe/aoc-utils v1.1.1 h1:bIo6Dy3CeW5jPojBrUT5lXOFAZdtAmNdmrwSMmfa8ak=
github.com/kruspe/aoc-utils v1.1.1/go.mod h1:MmE5p2A1MMGiGQYuEZFINaSXI990jE1xXrn0+FFJBmw=
github.com/kruspe/aoc-utils v1.1.2 h1:74JEl4ePt0gLUeMLEmeBTS1rr8+UPyWvqzVeT9VC1ak=
github.com/kruspe/aoc-utils v1.1.2/go.mod h1:MmE5p2A1MMGiGQYuEZFINaSXI990jE1xXrn0+FFJBmw=
github.com/pmezard/go-difflib v1.0.0 h1:4DBwDE0NGyQoBHbLQYPwSUPoCMWR5BEzIk/f1lZbAQM=
github.com/pmezard/go-difflib v1.0.0/go.mod h1:iKH77koFhYxTK1pcRnkKkqfTogsbg7gZNVY4sRDYZ/4=
github.com/stretchr/testify v1.8.4 h1:CcVxjf3Q8PM0mHUKJCdn+eZZtm5yQwehR5yeSVQQcUk=
github.com/stretchr/testify v1.8.4/go.mod h1:sz/lmYIOXD/1dqDmKjjqLyZ2RngseejIcXlSw2iwfAo=
gopkg.in/check.v1 v0.0.0-20161208181325-20d25e280405 h1:yhCVgyC4o1eVCa2tZl7eS0r+SDo693bJlVdllGtEeKM=
gopkg.in/check.v1 v0.0.0-20161208181325-20d25e280405/go.mod h1:Co6ibVJAznAaIkqp8huTwlJQCZ016jof/cbN4VW5Yz0=
gopkg.in/yaml.v3 v3.0.1 h1:fxVm/GzAzEWqLHuvctI91KS9hhNmmWOoWu0XTYJS7CA=
gopkg.in/yaml.v3 v3.0.1/go.mod h1:K4uyk7z7BCEPqu6E+C64Yfv1cQ7kz7rIZviUmN+EgEM=
